PODS:
  - Flutter (1.0.0)
  - imgly_sdk (2.1.0):
    - Flutter
    - imglyKit (~> 10.27)
  - imglyKit (10.27.0)
  - video_editor_sdk (2.1.0):
    - Flutter
    - imgly_sdk
    - imglyKit (~> 10.27)

DEPENDENCIES:
  - Flutter (from `Flutter`)
  - imgly_sdk (from `.symlinks/plugins/imgly_sdk/ios`)
  - video_editor_sdk (from `.symlinks/plugins/video_editor_sdk/ios`)

SPEC REPOS:
  trunk:
    - imglyKit

EXTERNAL SOURCES:
  Flutter:
    :path: Flutter
  imgly_sdk:
    :path: ".symlinks/plugins/imgly_sdk/ios"
  video_editor_sdk:
    :path: ".symlinks/plugins/video_editor_sdk/ios"

SPEC CHECKSUMS:
  Flutter: 50d75fe2f02b26cc09d224853bb45737f8b3214a
  imgly_sdk: 870f125d20dcc4e39f9b40c31d9bc348bbf17539
  imglyKit: 0fb6b12eb581649fab112e9718cef18eab3a8504
  video_editor_sdk: 1f4ae03b19668e2a19bfa54f7490d89893f4bf0c

PODFILE CHECKSUM: aafe91acc616949ddb318b77800a7f51bffa2a4c

COCOAPODS: 1.11.2
